
Microsoft Visual Studio Solution File, Format Version 12.00
# Visual Studio Version 17
VisualStudioVersion = 17.14.37614.0 d17.14
MinimumVisualStudioVersion = 10.0.40219.1
Project("{FAE04EC0-301F-11D3-BF4B-00C04F79EFBC}") = "MatrixQr.Api", "MatrixQr.Api\MatrixQr.Api.csproj", "{595EB7E8-0B85-4CEC-AFA0-4DFAE65305B3}"
EndProject
Global
	GlobalSection(SolutionConfigurationPlatforms) = preSolution
		Debug|Any CPU = Debug|Any CPU
		Release|Any CPU = Release|Any CPU
	EndGlobalSection
	GlobalSection(ProjectConfigurationPlatforms) = postSolution
		{595EB7E8-0B85-4CEC-AFA0-4DFAE65305B3}.Debug|Any CPU.ActiveCfg = Debug|Any CPU
		{595EB7E8-0B85-4CEC-AFA0-4DFAE65305B3}.Debug|Any CPU.Build.0 = Debug|Any CPU
		{595EB7E8-0B85-4CEC-AFA0-4DFAE65305B3}.Release|Any CPU.ActiveCfg = Release|Any CPU
		{595EB7E8-0B85-4CEC-AFA0-4DFAE65305B3}.Release|Any CPU.Build.0 = Release|Any CPU
	EndGlobalSection
	GlobalSection(SolutionProperties) = preSolution
		HideSolutionNode = FALSE
	EndGlobalSection
	GlobalSection(ExtensibilityGlobals) = postSolution
		SolutionGuid = {ECEA1B6A-809C-4674-B4F6-842CC6B1B3B0}
	EndGlobalSection
EndGlobal
